// !$*UTF8*$!
{
	archiveVersion = 1;
	classes = {
	};
	objectVersion = 55;
	objects = {

/* Begin PBXBuildFile section */
		AD01AE6727EAC1550011A2AC /* AddPortfolioViewModel.swift in Sources */ = {isa = PBXBuildFile; fileRef = AD01AE6627EAC1540011A2AC /* AddPortfolioViewModel.swift */; };
		AD13325A27E5A8A800A7EAC5 /* CoinStatsColumnView.swift in Sources */ = {isa = PBXBuildFile; fileRef = AD13325927E5A8A800A7EAC5 /* CoinStatsColumnView.swift */; };
		AD13325C27E6BF3500A7EAC5 /* CoinStatsRowItem.swift in Sources */ = {isa = PBXBuildFile; fileRef = AD13325B27E6BF3500A7EAC5 /* CoinStatsRowItem.swift */; };
		AD13325E27E6FC8800A7EAC5 /* ErrorSnackBar.swift in Sources */ = {isa = PBXBuildFile; fileRef = AD13325D27E6FC8800A7EAC5 /* ErrorSnackBar.swift */; };
		AD13326127E7030900A7EAC5 /* Lottie in Frameworks */ = {isa = PBXBuildFile; productRef = AD13326027E7030900A7EAC5 /* Lottie */; };
		AD13326527E704E000A7EAC5 /* CoinCore in Frameworks */ = {isa = PBXBuildFile; productRef = AD13326427E704E000A7EAC5 /* CoinCore */; };
		AD25D6CC27C0FCFA00866DE1 /* CoinApp.swift in Sources */ = {isa = PBXBuildFile; fileRef = AD25D6CB27C0FCFA00866DE1 /* CoinApp.swift */; };
		AD25D6D027C0FCFE00866DE1 /* Assets.xcassets in Resources */ = {isa = PBXBuildFile; fileRef = AD25D6CF27C0FCFE00866DE1 /* Assets.xcassets */; };
		AD25D6D327C0FCFE00866DE1 /* Preview Assets.xcassets in Resources */ = {isa = PBXBuildFile; fileRef = AD25D6D227C0FCFE00866DE1 /* Preview Assets.xcassets */; };
		AD25D6DE27C127B800866DE1 /* CoinListViewModel.swift in Sources */ = {isa = PBXBuildFile; fileRef = AD25D6DD27C127B800866DE1 /* CoinListViewModel.swift */; };
		AD25D6E527C2954100866DE1 /* CircularButton.swift in Sources */ = {isa = PBXBuildFile; fileRef = AD25D6E427C2954100866DE1 /* CircularButton.swift */; };
		AD25D6E727C2954D00866DE1 /* Color.swift in Sources */ = {isa = PBXBuildFile; fileRef = AD25D6E627C2954D00866DE1 /* Color.swift */; };
		AD25D6EF27C295C400866DE1 /* CoinListRowItem.swift in Sources */ = {isa = PBXBuildFile; fileRef = AD25D6EE27C295C400866DE1 /* CoinListRowItem.swift */; };
		AD25D6F127C295D500866DE1 /* CoinListRowHeader.swift in Sources */ = {isa = PBXBuildFile; fileRef = AD25D6F027C295D500866DE1 /* CoinListRowHeader.swift */; };
		AD25D6F327C295E500866DE1 /* CoinListView.swift in Sources */ = {isa = PBXBuildFile; fileRef = AD25D6F227C295E500866DE1 /* CoinListView.swift */; };
		AD3CC2C227C4A4DF005065A8 /* PreviewExtension.swift in Sources */ = {isa = PBXBuildFile; fileRef = AD3CC2C127C4A4DF005065A8 /* PreviewExtension.swift */; };
		AD3CC2C427C4A577005065A8 /* Double.swift in Sources */ = {isa = PBXBuildFile; fileRef = AD3CC2C327C4A577005065A8 /* Double.swift */; };
		AD3CC2C727C4D80D005065A8 /* GenricSubscriber.swift in Sources */ = {isa = PBXBuildFile; fileRef = AD3CC2C627C4D80D005065A8 /* GenricSubscriber.swift */; };
		AD3CC2CB27C4FFEA005065A8 /* AlertMessage.swift in Sources */ = {isa = PBXBuildFile; fileRef = AD3CC2CA27C4FFEA005065A8 /* AlertMessage.swift */; };
		AD49F63927E7196A00ABDA7B /* error-animation.json in Resources */ = {isa = PBXBuildFile; fileRef = AD49F63827E7196A00ABDA7B /* error-animation.json */; };
		AD49F63B27E719B600ABDA7B /* LottieView.swift in Sources */ = {isa = PBXBuildFile; fileRef = AD49F63A27E719B500ABDA7B /* LottieView.swift */; };
		AD5F99FD27E840C10080BF43 /* AddPortfolioView.swift in Sources */ = {isa = PBXBuildFile; fileRef = AD5F99FC27E840C10080BF43 /* AddPortfolioView.swift */; };
		AD5F9A0027E8536D0080BF43 /* CoinSelectorView.swift in Sources */ = {isa = PBXBuildFile; fileRef = AD5F99FF27E8536D0080BF43 /* CoinSelectorView.swift */; };
		AD77325A27E49DA400B24E91 /* SearchBar.swift in Sources */ = {isa = PBXBuildFile; fileRef = AD77325927E49DA400B24E91 /* SearchBar.swift */; };
		ADB7786B27C7D2A300FC8AAB /* DIContainer.swift in Sources */ = {isa = PBXBuildFile; fileRef = ADB7786A27C7D2A300FC8AAB /* DIContainer.swift */; };
		ADF2609327DF13DD0060CB8E /* CachedAsyncImage.swift in Sources */ = {isa = PBXBuildFile; fileRef = ADF2609227DF13DD0060CB8E /* CachedAsyncImage.swift */; };
/* End PBXBuildFile section */

/* Begin PBXFileReference section */
		AD01AE6627EAC1540011A2AC /* AddPortfolioViewModel.swift */ = {isa = PBXFileReference; lastKnownFileType = sourcecode.swift; path = AddPortfolioViewModel.swift; sourceTree = "<group>"; };
		AD13325927E5A8A800A7EAC5 /* CoinStatsColumnView.swift */ = {isa = PBXFileReference; lastKnownFileType = sourcecode.swift; path = CoinStatsColumnView.swift; sourceTree = "<group>"; };
		AD13325B27E6BF3500A7EAC5 /* CoinStatsRowItem.swift */ = {isa = PBXFileReference; lastKnownFileType = sourcecode.swift; path = CoinStatsRowItem.swift; sourceTree = "<group>"; };
		AD13325D27E6FC8800A7EAC5 /* ErrorSnackBar.swift */ = {isa = PBXFileReference; lastKnownFileType = sourcecode.swift; path = ErrorSnackBar.swift; sourceTree = "<group>"; };
		AD25D6C827C0FCFA00866DE1 /* Coin.app */ = {isa = PBXFileReference; explicitFileType = wrapper.application; includeInIndex = 0; path = Coin.app; sourceTree = BUILT_PRODUCTS_DIR; };
		AD25D6CB27C0FCFA00866DE1 /* CoinApp.swift */ = {isa = PBXFileReference; lastKnownFileType = sourcecode.swift; path = CoinApp.swift; sourceTree = "<group>"; };
		AD25D6CF27C0FCFE00866DE1 /* Assets.xcassets */ = {isa = PBXFileReference; lastKnownFileType = folder.assetcatalog; path = Assets.xcassets; sourceTree = "<group>"; };
		AD25D6D227C0FCFE00866DE1 /* Preview Assets.xcassets */ = {isa = PBXFileReference; lastKnownFileType = folder.assetcatalog; path = "Preview Assets.xcassets"; sourceTree = "<group>"; };
		AD25D6D927C0FD4600866DE1 /* CoinCore */ = {isa = PBXFileReference; lastKnownFileType = folder; path = CoinCore; sourceTree = "<group>"; };
		AD25D6DD27C127B800866DE1 /* CoinListViewModel.swift */ = {isa = PBXFileReference; lastKnownFileType = sourcecode.swift; name = CoinListViewModel.swift; path = ../../../CoinListViewModel.swift; sourceTree = "<group>"; };
		AD25D6E427C2954100866DE1 /* CircularButton.swift */ = {isa = PBXFileReference; lastKnownFileType = sourcecode.swift; path = CircularButton.swift; sourceTree = "<group>"; };
		AD25D6E627C2954D00866DE1 /* Color.swift */ = {isa = PBXFileReference; lastKnownFileType = sourcecode.swift; path = Color.swift; sourceTree = "<group>"; };
		AD25D6EE27C295C400866DE1 /* CoinListRowItem.swift */ = {isa = PBXFileReference; lastKnownFileType = sourcecode.swift; path = CoinListRowItem.swift; sourceTree = "<group>"; };
		AD25D6F027C295D500866DE1 /* CoinListRowHeader.swift */ = {isa = PBXFileReference; lastKnownFileType = sourcecode.swift; path = CoinListRowHeader.swift; sourceTree = "<group>"; };
		AD25D6F227C295E500866DE1 /* CoinListView.swift */ = {isa = PBXFileReference; lastKnownFileType = sourcecode.swift; path = CoinListView.swift; sourceTree = "<group>"; };
		AD3CC2C127C4A4DF005065A8 /* PreviewExtension.swift */ = {isa = PBXFileReference; lastKnownFileType = sourcecode.swift; path = PreviewExtension.swift; sourceTree = "<group>"; };
		AD3CC2C327C4A577005065A8 /* Double.swift */ = {isa = PBXFileReference; lastKnownFileType = sourcecode.swift; path = Double.swift; sourceTree = "<group>"; };
		AD3CC2C627C4D80D005065A8 /* GenricSubscriber.swift */ = {isa = PBXFileReference; lastKnownFileType = sourcecode.swift; path = GenricSubscriber.swift; sourceTree = "<group>"; };
		AD3CC2CA27C4FFEA005065A8 /* AlertMessage.swift */ = {isa = PBXFileReference; lastKnownFileType = sourcecode.swift; path = AlertMessage.swift; sourceTree = "<group>"; };
		AD49F63827E7196A00ABDA7B /* error-animation.json */ = {isa = PBXFileReference; fileEncoding = 4; lastKnownFileType = text.json; path = "error-animation.json"; sourceTree = "<group>"; };
		AD49F63A27E719B500ABDA7B /* LottieView.swift */ = {isa = PBXFileReference; lastKnownFileType = sourcecode.swift; path = LottieView.swift; sourceTree = "<group>"; };
		AD5F99FC27E840C10080BF43 /* AddPortfolioView.swift */ = {isa = PBXFileReference; lastKnownFileType = sourcecode.swift; path = AddPortfolioView.swift; sourceTree = "<group>"; };
		AD5F99FF27E8536D0080BF43 /* CoinSelectorView.swift */ = {isa = PBXFileReference; lastKnownFileType = sourcecode.swift; path = CoinSelectorView.swift; sourceTree = "<group>"; };
		AD77325927E49DA400B24E91 /* SearchBar.swift */ = {isa = PBXFileReference; lastKnownFileType = sourcecode.swift; path = SearchBar.swift; sourceTree = "<group>"; };
		ADB7786A27C7D2A300FC8AAB /* DIContainer.swift */ = {isa = PBXFileReference; lastKnownFileType = sourcecode.swift; path = DIContainer.swift; sourceTree = "<group>"; };
		ADF2609227DF13DD0060CB8E /* CachedAsyncImage.swift */ = {isa = PBXFileReference; lastKnownFileType = sourcecode.swift; path = CachedAsyncImage.swift; sourceTree = "<group>"; };
/* End PBXFileReference section */

/* Begin PBXFrameworksBuildPhase section */
		AD25D6C527C0FCFA00866DE1 /* Frameworks */ = {
			isa = PBXFrameworksBuildPhase;
			buildActionMask = 2147483647;
			files = (
				AD13326527E704E000A7EAC5 /* CoinCore in Frameworks */,
				AD13326127E7030900A7EAC5 /* Lottie in Frameworks */,
			);
			runOnlyForDeploymentPostprocessing = 0;
		};
/* End PBXFrameworksBuildPhase section */

/* Begin PBXGroup section */
		AD01AE6527EAC1130011A2AC /* ViewModel */ = {
			isa = PBXGroup;
			children = (
				AD01AE6627EAC1540011A2AC /* AddPortfolioViewModel.swift */,
			);
			path = ViewModel;
			sourceTree = "<group>";
		};
		AD13326227E703CB00A7EAC5 /* Packages */ = {
			isa = PBXGroup;
			children = (
				AD25D6D927C0FD4600866DE1 /* CoinCore */,
			);
			name = Packages;
			sourceTree = "<group>";
		};
		AD25D6BF27C0FCFA00866DE1 = {
			isa = PBXGroup;
			children = (
				AD13326227E703CB00A7EAC5 /* Packages */,
				AD25D6CA27C0FCFA00866DE1 /* Coin */,
				AD25D6C927C0FCFA00866DE1 /* Products */,
				AD25D6DA27C0FD5900866DE1 /* Frameworks */,
			);
			sourceTree = "<group>";
		};
		AD25D6C927C0FCFA00866DE1 /* Products */ = {
			isa = PBXGroup;
			children = (
				AD25D6C827C0FCFA00866DE1 /* Coin.app */,
			);
			name = Products;
			sourceTree = "<group>";
		};
		AD25D6CA27C0FCFA00866DE1 /* Coin */ = {
			isa = PBXGroup;
			children = (
				AD3CC2C527C4D7E3005065A8 /* Utill */,
				AD25D6E927C2956D00866DE1 /* Scenes */,
				AD25D6E127C2924000866DE1 /* Common */,
				AD25D6CB27C0FCFA00866DE1 /* CoinApp.swift */,
				AD25D6CF27C0FCFE00866DE1 /* Assets.xcassets */,
				AD25D6D127C0FCFE00866DE1 /* Preview Content */,
			);
			path = Coin;
			sourceTree = "<group>";
		};
		AD25D6D127C0FCFE00866DE1 /* Preview Content */ = {
			isa = PBXGroup;
			children = (
				AD25D6D227C0FCFE00866DE1 /* Preview Assets.xcassets */,
			);
			path = "Preview Content";
			sourceTree = "<group>";
		};
		AD25D6DA27C0FD5900866DE1 /* Frameworks */ = {
			isa = PBXGroup;
			children = (
			);
			name = Frameworks;
			sourceTree = "<group>";
		};
		AD25D6E127C2924000866DE1 /* Common */ = {
			isa = PBXGroup;
			children = (
				AD49F63727E7193C00ABDA7B /* Lottie */,
				AD3CC2C927C4FFD6005065A8 /* Model */,
				AD3CC2C827C4FFC0005065A8 /* View */,
				AD25D6F427C2966B00866DE1 /* Extension */,
			);
			path = Common;
			sourceTree = "<group>";
		};
		AD25D6E927C2956D00866DE1 /* Scenes */ = {
			isa = PBXGroup;
			children = (
				AD5F99FA27E840920080BF43 /* AddPortfolio */,
				AD25D6EA27C2957500866DE1 /* CoinList */,
			);
			path = Scenes;
			sourceTree = "<group>";
		};
		AD25D6EA27C2957500866DE1 /* CoinList */ = {
			isa = PBXGroup;
			children = (
				AD13325B27E6BF3500A7EAC5 /* CoinStatsRowItem.swift */,
				AD25D6EC27C2959100866DE1 /* View */,
				AD25D6EB27C2958300866DE1 /* ViewModel */,
			);
			path = CoinList;
			sourceTree = "<group>";
		};
		AD25D6EB27C2958300866DE1 /* ViewModel */ = {
			isa = PBXGroup;
			children = (
				AD25D6DD27C127B800866DE1 /* CoinListViewModel.swift */,
			);
			path = ViewModel;
			sourceTree = "<group>";
		};
		AD25D6EC27C2959100866DE1 /* View */ = {
			isa = PBXGroup;
			children = (
				AD25D6ED27C2959800866DE1 /* Component */,
				AD25D6F227C295E500866DE1 /* CoinListView.swift */,
			);
			path = View;
			sourceTree = "<group>";
		};
		AD25D6ED27C2959800866DE1 /* Component */ = {
			isa = PBXGroup;
			children = (
				AD25D6EE27C295C400866DE1 /* CoinListRowItem.swift */,
				AD25D6F027C295D500866DE1 /* CoinListRowHeader.swift */,
				AD13325927E5A8A800A7EAC5 /* CoinStatsColumnView.swift */,
			);
			path = Component;
			sourceTree = "<group>";
		};
		AD25D6F427C2966B00866DE1 /* Extension */ = {
			isa = PBXGroup;
			children = (
				AD3CC2C127C4A4DF005065A8 /* PreviewExtension.swift */,
				AD3CC2C327C4A577005065A8 /* Double.swift */,
			);
			path = Extension;
			sourceTree = "<group>";
		};
		AD3CC2C527C4D7E3005065A8 /* Utill */ = {
			isa = PBXGroup;
			children = (
				ADB7786A27C7D2A300FC8AAB /* DIContainer.swift */,
				AD3CC2C627C4D80D005065A8 /* GenricSubscriber.swift */,
			);
			path = Utill;
			sourceTree = "<group>";
		};
		AD3CC2C827C4FFC0005065A8 /* View */ = {
			isa = PBXGroup;
			children = (
				AD13325D27E6FC8800A7EAC5 /* ErrorSnackBar.swift */,
				AD25D6E627C2954D00866DE1 /* Color.swift */,
				AD25D6E427C2954100866DE1 /* CircularButton.swift */,
				ADF2609227DF13DD0060CB8E /* CachedAsyncImage.swift */,
				AD77325927E49DA400B24E91 /* SearchBar.swift */,
				AD49F63A27E719B500ABDA7B /* LottieView.swift */,
			);
			path = View;
			sourceTree = "<group>";
		};
		AD3CC2C927C4FFD6005065A8 /* Model */ = {
			isa = PBXGroup;
			children = (
				AD3CC2CA27C4FFEA005065A8 /* AlertMessage.swift */,
			);
			path = Model;
			sourceTree = "<group>";
		};
		AD49F63727E7193C00ABDA7B /* Lottie */ = {
			isa = PBXGroup;
			children = (
				AD49F63827E7196A00ABDA7B /* error-animation.json */,
			);
			path = Lottie;
			sourceTree = "<group>";
		};
		AD5F99FA27E840920080BF43 /* AddPortfolio */ = {
			isa = PBXGroup;
			children = (
				AD01AE6527EAC1130011A2AC /* ViewModel */,
				AD5F99FE27E853550080BF43 /* Components */,
				AD5F99FB27E840A60080BF43 /* Views */,
			);
			path = AddPortfolio;
			sourceTree = "<group>";
		};
		AD5F99FB27E840A60080BF43 /* Views */ = {
			isa = PBXGroup;
			children = (
				AD5F99FC27E840C10080BF43 /* AddPortfolioView.swift */,
			);
			path = Views;
			sourceTree = "<group>";
		};
		AD5F99FE27E853550080BF43 /* Components */ = {
			isa = PBXGroup;
			children = (
				AD5F99FF27E8536D0080BF43 /* CoinSelectorView.swift */,
			);
			path = Components;
			sourceTree = "<group>";
		};
/* End PBXGroup section */

/* Begin PBXNativeTarget section */
		AD25D6C727C0FCFA00866DE1 /* Coin */ = {
			isa = PBXNativeTarget;
			buildConfigurationList = AD25D6D627C0FCFE00866DE1 /* Build configuration list for PBXNativeTarget "Coin" */;
			buildPhases = (
				AD25D6C427C0FCFA00866DE1 /* Sources */,
				AD25D6C527C0FCFA00866DE1 /* Frameworks */,
				AD25D6C627C0FCFA00866DE1 /* Resources */,
			);
			buildRules = (
			);
			dependencies = (
			);
			name = Coin;
			packageProductDependencies = (
				AD13326027E7030900A7EAC5 /* Lottie */,
				AD13326427E704E000A7EAC5 /* CoinCore */,
			);
			productName = Coin;
			productReference = AD25D6C827C0FCFA00866DE1 /* Coin.app */;
			productType = "com.apple.product-type.application";
		};
/* End PBXNativeTarget section */

/* Begin PBXProject section */
		AD25D6C027C0FCFA00866DE1 /* Project object */ = {
			isa = PBXProject;
			attributes = {
				BuildIndependentTargetsInParallel = 1;
				LastSwiftUpdateCheck = 1310;
				LastUpgradeCheck = 1310;
				TargetAttributes = {
					AD25D6C727C0FCFA00866DE1 = {
						CreatedOnToolsVersion = 13.1;
					};
				};
			};
			buildConfigurationList = AD25D6C327C0FCFA00866DE1 /* Build configuration list for PBXProject "Coin" */;
			compatibilityVersion = "Xcode 13.0";
			developmentRegion = en;
			hasScannedForEncodings = 0;
			knownRegions = (
				en,
				Base,
			);
			mainGroup = AD25D6BF27C0FCFA00866DE1;
			packageReferences = (
				AD13325F27E7030900A7EAC5 /* XCRemoteSwiftPackageReference "lottie-ios" */,
			);
			productRefGroup = AD25D6C927C0FCFA00866DE1 /* Products */;
			projectDirPath = "";
			projectRoot = "";
			targets = (
				AD25D6C727C0FCFA00866DE1 /* Coin */,
			);
		};
/* End PBXProject section */

/* Begin PBXResourcesBuildPhase section */
		AD25D6C627C0FCFA00866DE1 /* Resources */ = {
			isa = PBXResourcesBuildPhase;
			buildActionMask = 2147483647;
			files = (
				AD49F63927E7196A00ABDA7B /* error-animation.json in Resources */,
				AD25D6D327C0FCFE00866DE1 /* Preview Assets.xcassets in Resources */,
				AD25D6D027C0FCFE00866DE1 /* Assets.xcassets in Resources */,
			);
			runOnlyForDeploymentPostprocessing = 0;
		};
/* End PBXResourcesBuildPhase section */

/* Begin PBXSourcesBuildPhase section */
		AD25D6C427C0FCFA00866DE1 /* Sources */ = {
			isa = PBXSourcesBuildPhase;
			buildActionMask = 2147483647;
			files = (
				AD25D6F127C295D500866DE1 /* CoinListRowHeader.swift in Sources */,
				AD49F63B27E719B600ABDA7B /* LottieView.swift in Sources */,
				AD25D6DE27C127B800866DE1 /* CoinListViewModel.swift in Sources */,
				AD13325C27E6BF3500A7EAC5 /* CoinStatsRowItem.swift in Sources */,
				AD77325A27E49DA400B24E91 /* SearchBar.swift in Sources */,
				AD3CC2C227C4A4DF005065A8 /* PreviewExtension.swift in Sources */,
				AD25D6E727C2954D00866DE1 /* Color.swift in Sources */,
				AD3CC2CB27C4FFEA005065A8 /* AlertMessage.swift in Sources */,
				AD01AE6727EAC1550011A2AC /* AddPortfolioViewModel.swift in Sources */,
				AD25D6CC27C0FCFA00866DE1 /* CoinApp.swift in Sources */,
				ADB7786B27C7D2A300FC8AAB /* DIContainer.swift in Sources */,
				AD25D6F327C295E500866DE1 /* CoinListView.swift in Sources */,
				AD25D6EF27C295C400866DE1 /* CoinListRowItem.swift in Sources */,
				AD3CC2C727C4D80D005065A8 /* GenricSubscriber.swift in Sources */,
				AD5F99FD27E840C10080BF43 /* AddPortfolioView.swift in Sources */,
				AD5F9A0027E8536D0080BF43 /* CoinSelectorView.swift in Sources */,
				AD3CC2C427C4A577005065A8 /* Double.swift in Sources */,
				AD13325A27E5A8A800A7EAC5 /* CoinStatsColumnView.swift in Sources */,
				ADF2609327DF13DD0060CB8E /* CachedAsyncImage.swift in Sources */,
				AD25D6E527C2954100866DE1 /* CircularButton.swift in Sources */,
				AD13325E27E6FC8800A7EAC5 /* ErrorSnackBar.swift in Sources */,
			);
			runOnlyForDeploymentPostprocessing = 0;
		};
/* End PBXSourcesBuildPhase section */

/* Begin XCBuildConfiguration section */
		AD25D6D427C0FCFE00866DE1 /* Debug */ = {
			isa = XCBuildConfiguration;
			buildSettings = {
				ALWAYS_SEARCH_USER_PATHS = NO;
				CLANG_ANALYZER_NONNULL = YES;
				CLANG_ANALYZER_NUMBER_OBJECT_CONVERSION = YES_AGGRESSIVE;
				CLANG_CXX_LANGUAGE_STANDARD = "gnu++17";
				CLANG_CXX_LIBRARY = "libc++";
				CLANG_ENABLE_MODULES = YES;
				CLANG_ENABLE_OBJC_ARC = YES;
				CLANG_ENABLE_OBJC_WEAK = YES;
				CLANG_WARN_BLOCK_CAPTURE_AUTORELEASING = YES;
				CLANG_WARN_BOOL_CONVERSION = YES;
				CLANG_WARN_COMMA = YES;
				CLANG_WARN_CONSTANT_CONVERSION = YES;
				CLANG_WARN_DEPRECATED_OBJC_IMPLEMENTATIONS = YES;
				CLANG_WARN_DIRECT_OBJC_ISA_USAGE = YES_ERROR;
				CLANG_WARN_DOCUMENTATION_COMMENTS = YES;
				CLANG_WARN_EMPTY_BODY = YES;
				CLANG_WARN_ENUM_CONVERSION = YES;
				CLANG_WARN_INFINITE_RECURSION = YES;
				CLANG_WARN_INT_CONVERSION = YES;
				CLANG_WARN_NON_LITERAL_NULL_CONVERSION = YES;
				CLANG_WARN_OBJC_IMPLICIT_RETAIN_SELF = YES;
				CLANG_WARN_OBJC_LITERAL_CONVERSION = YES;
				CLANG_WARN_OBJC_ROOT_CLASS = YES_ERROR;
				CLANG_WARN_QUOTED_INCLUDE_IN_FRAMEWORK_HEADER = YES;
				CLANG_WARN_RANGE_LOOP_ANALYSIS = YES;
				CLANG_WARN_STRICT_PROTOTYPES = YES;
				CLANG_WARN_SUSPICIOUS_MOVE = YES;
				CLANG_WARN_UNGUARDED_AVAILABILITY = YES_AGGRESSIVE;
				CLANG_WARN_UNREACHABLE_CODE = YES;
				CLANG_WARN__DUPLICATE_METHOD_MATCH = YES;
				COPY_PHASE_STRIP = NO;
				DEBUG_INFORMATION_FORMAT = dwarf;
				ENABLE_STRICT_OBJC_MSGSEND = YES;
				ENABLE_TESTABILITY = YES;
				GCC_C_LANGUAGE_STANDARD = gnu11;
				GCC_DYNAMIC_NO_PIC = NO;
				GCC_NO_COMMON_BLOCKS = YES;
				GCC_OPTIMIZATION_LEVEL = 0;
				GCC_PREPROCESSOR_DEFINITIONS = (
					"DEBUG=1",
					"$(inherited)",
				);
				GCC_WARN_64_TO_32_BIT_CONVERSION = YES;
				GCC_WARN_ABOUT_RETURN_TYPE = YES_ERROR;
				GCC_WARN_UNDECLARED_SELECTOR = YES;
				GCC_WARN_UNINITIALIZED_AUTOS = YES_AGGRESSIVE;
				GCC_WARN_UNUSED_FUNCTION = YES;
				GCC_WARN_UNUSED_VARIABLE = YES;
				INFOPLIST_KEY_UIUserInterfaceStyle = Dark;
				IPHONEOS_DEPLOYMENT_TARGET = 15.0;
				MTL_ENABLE_DEBUG_INFO = INCLUDE_SOURCE;
				MTL_FAST_MATH = YES;
				ONLY_ACTIVE_ARCH = YES;
				SDKROOT = iphoneos;
				SWIFT_ACTIVE_COMPILATION_CONDITIONS = DEBUG;
				SWIFT_OPTIMIZATION_LEVEL = "-Onone";
			};
			name = Debug;
		};
		AD25D6D527C0FCFE00866DE1 /* Release */ = {
			isa = XCBuildConfiguration;
			buildSettings = {
				ALWAYS_SEARCH_USER_PATHS = NO;
				CLANG_ANALYZER_NONNULL = YES;
				CLANG_ANALYZER_NUMBER_OBJECT_CONVERSION = YES_AGGRESSIVE;
				CLANG_CXX_LANGUAGE_STANDARD = "gnu++17";
				CLANG_CXX_LIBRARY = "libc++";
				CLANG_ENABLE_MODULES = YES;
				CLANG_ENABLE_OBJC_ARC = YES;
				CLANG_ENABLE_OBJC_WEAK = YES;
				CLANG_WARN_BLOCK_CAPTURE_AUTORELEASING = YES;
				CLANG_WARN_BOOL_CONVERSION = YES;
				CLANG_WARN_COMMA = YES;
				CLANG_WARN_CONSTANT_CONVERSION = YES;
				CLANG_WARN_DEPRECATED_OBJC_IMPLEMENTATIONS = YES;
				CLANG_WARN_DIRECT_OBJC_ISA_USAGE = YES_ERROR;
				CLANG_WARN_DOCUMENTATION_COMMENTS = YES;
				CLANG_WARN_EMPTY_BODY = YES;
				CLANG_WARN_ENUM_CONVERSION = YES;
				CLANG_WARN_INFINITE_RECURSION = YES;
				CLANG_WARN_INT_CONVERSION = YES;
				CLANG_WARN_NON_LITERAL_NULL_CONVERSION = YES;
				CLANG_WARN_OBJC_IMPLICIT_RETAIN_SELF = YES;
				CLANG_WARN_OBJC_LITERAL_CONVERSION = YES;
				CLANG_WARN_OBJC_ROOT_CLASS = YES_ERROR;
				CLANG_WARN_QUOTED_INCLUDE_IN_FRAMEWORK_HEADER = YES;
				CLANG_WARN_RANGE_LOOP_ANALYSIS = YES;
				CLANG_WARN_STRICT_PROTOTYPES = YES;
				CLANG_WARN_SUSPICIOUS_MOVE = YES;
				CLANG_WARN_UNGUARDED_AVAILABILITY = YES_AGGRESSIVE;
				CLANG_WARN_UNREACHABLE_CODE = YES;
				CLANG_WARN__DUPLICATE_METHOD_MATCH = YES;
				COPY_PHASE_STRIP = NO;
				DEBUG_INFORMATION_FORMAT = "dwarf-with-dsym";
				ENABLE_NS_ASSERTIONS = NO;
				ENABLE_STRICT_OBJC_MSGSEND = YES;
				GCC_C_LANGUAGE_STANDARD = gnu11;
				GCC_NO_COMMON_BLOCKS = YES;
				GCC_WARN_64_TO_32_BIT_CONVERSION = YES;
				GCC_WARN_ABOUT_RETURN_TYPE = YES_ERROR;
				GCC_WARN_UNDECLARED_SELECTOR = YES;
				GCC_WARN_UNINITIALIZED_AUTOS = YES_AGGRESSIVE;
				GCC_WARN_UNUSED_FUNCTION = YES;
				GCC_WARN_UNUSED_VARIABLE = YES;
				INFOPLIST_KEY_UIUserInterfaceStyle = Dark;
				IPHONEOS_DEPLOYMENT_TARGET = 15.0;
				MTL_ENABLE_DEBUG_INFO = NO;
				MTL_FAST_MATH = YES;
				SDKROOT = iphoneos;
				SWIFT_COMPILATION_MODE = wholemodule;
				SWIFT_OPTIMIZATION_LEVEL = "-O";
				VALIDATE_PRODUCT = YES;
			};
			name = Release;
		};
		AD25D6D727C0FCFE00866DE1 /* Debug */ = {
			isa = XCBuildConfiguration;
			buildSettings = {
				ASSETCATALOG_COMPILER_APPICON_NAME = AppIcon;
				ASSETCATALOG_COMPILER_GLOBAL_ACCENT_COLOR_NAME = AccentColor;
				CODE_SIGN_STYLE = Automatic;
				CURRENT_PROJECT_VERSION = 1;
				DEVELOPMENT_ASSET_PATHS = "\"Coin/Preview Content\"";
				ENABLE_PREVIEWS = YES;
				GENERATE_INFOPLIST_FILE = YES;
				INFOPLIST_KEY_UIApplicationSceneManifest_Generation = YES;
				INFOPLIST_KEY_UIApplicationSupportsIndirectInputEvents = YES;
				INFOPLIST_KEY_UILaunchScreen_Generation = YES;
				INFOPLIST_KEY_UISupportedInterfaceOrientations_iPad = "UIInterfaceOrientationPortrait UIInterfaceOrientationPortraitUpsideDown UIInterfaceOrientationLandscapeLeft UIInterfaceOrientationLandscapeRight";
				INFOPLIST_KEY_UISupportedInterfaceOrientations_iPhone = "UIInterfaceOrientationPortrait UIInterfaceOrientationLandscapeLeft UIInterfaceOrientationLandscapeRight";
				LD_RUNPATH_SEARCH_PATHS = (
					"$(inherited)",
					"@executable_path/Frameworks",
				);
				MARKETING_VERSION = 1.0;
				PRODUCT_BUNDLE_IDENTIFIER = abhi165.Coin;
				PRODUCT_NAME = "$(TARGET_NAME)";
				SWIFT_EMIT_LOC_STRINGS = YES;
				SWIFT_VERSION = 5.0;
				TARGETED_DEVICE_FAMILY = "1,2";
			};
			name = Debug;
		};
		AD25D6D827C0FCFE00866DE1 /* Release */ = {
			isa = XCBuildConfiguration;
			buildSettings = {
				ASSETCATALOG_COMPILER_APPICON_NAME = AppIcon;
				ASSETCATALOG_COMPILER_GLOBAL_ACCENT_COLOR_NAME = AccentColor;
				CODE_SIGN_STYLE = Automatic;
				CURRENT_PROJECT_VERSION = 1;
				DEVELOPMENT_ASSET_PATHS = "\"Coin/Preview Content\"";
				ENABLE_PREVIEWS = YES;
				GENERATE_INFOPLIST_FILE = YES;
				INFOPLIST_KEY_UIApplicationSceneManifest_Generation = YES;
				INFOPLIST_KEY_UIApplicationSupportsIndirectInputEvents = YES;
				INFOPLIST_KEY_UILaunchScreen_Generation = YES;
				INFOPLIST_KEY_UISupportedInterfaceOrientations_iPad = "UIInterfaceOrientationPortrait UIInterfaceOrientationPortraitUpsideDown UIInterfaceOrientationLandscapeLeft UIInterfaceOrientationLandscapeRight";
				INFOPLIST_KEY_UISupportedInterfaceOrientations_iPhone = "UIInterfaceOrientationPortrait UIInterfaceOrientationLandscapeLeft UIInterfaceOrientationLandscapeRight";
				LD_RUNPATH_SEARCH_PATHS = (
					"$(inherited)",
					"@executable_path/Frameworks",
				);
				MARKETING_VERSION = 1.0;
				PRODUCT_BUNDLE_IDENTIFIER = abhi165.Coin;
				PRODUCT_NAME = "$(TARGET_NAME)";
				SWIFT_EMIT_LOC_STRINGS = YES;
				SWIFT_VERSION = 5.0;
				TARGETED_DEVICE_FAMILY = "1,2";
			};
			name = Release;
		};
/* End XCBuildConfiguration section */

/* Begin XCConfigurationList section */
		AD25D6C327C0FCFA00866DE1 /* Build configuration list for PBXProject "Coin" */ = {
			isa = XCConfigurationList;
			buildConfigurations = (
				AD25D6D427C0FCFE00866DE1 /* Debug */,
				AD25D6D527C0FCFE00866DE1 /* Release */,
			);
			defaultConfigurationIsVisible = 0;
			defaultConfigurationName = Release;
		};
		AD25D6D627C0FCFE00866DE1 /* Build configuration list for PBXNativeTarget "Coin" */ = {
			isa = XCConfigurationList;
			buildConfigurations = (
				AD25D6D727C0FCFE00866DE1 /* Debug */,
				AD25D6D827C0FCFE00866DE1 /* Release */,
			);
			defaultConfigurationIsVisible = 0;
			defaultConfigurationName = Release;
		};
/* End XCConfigurationList section */

/* Begin XCRemoteSwiftPackageReference section */
		AD13325F27E7030900A7EAC5 /* XCRemoteSwiftPackageReference "lottie-ios" */ = {
			isa = XCRemoteSwiftPackageReference;
			repositoryURL = "https://github.com/airbnb/lottie-ios";
			requirement = {
				kind = upToNextMajorVersion;
				minimumVersion = 3.0.0;
			};
		};
/* End XCRemoteSwiftPackageReference section */

/* Begin XCSwiftPackageProductDependency section */
		AD13326027E7030900A7EAC5 /* Lottie */ = {
			isa = XCSwiftPackageProductDependency;
			package = AD13325F27E7030900A7EAC5 /* XCRemoteSwiftPackageReference "lottie-ios" */;
			productName = Lottie;
		};
		AD13326427E704E000A7EAC5 /* CoinCore */ = {
			isa = XCSwiftPackageProductDependency;
			productName = CoinCore;
		};
/* End XCSwiftPackageProductDependency section */
	};
	rootObject = AD25D6C027C0FCFA00866DE1 /* Project object */;
}
